{
    "_meta": {
        "hash": {
            "sha256": "aaec8e3f9d0ff21d200380d99a84a7ca3a4d87a800bca364aa9a586bc984118d"
        },
        "host-environment-markers": {
            "implementation_name": "cpython",
            "implementation_version": "3.6.4",
            "os_name": "posix",
            "platform_machine": "x86_64",
            "platform_python_implementation": "CPython",
            "platform_release": "4.13.0-32-generic",
            "platform_system": "Linux",
            "platform_version": "#35~16.04.1-Ubuntu SMP Thu Jan 25 10:13:43 UTC 2018",
            "python_full_version": "3.6.4",
            "python_version": "3.6",
            "sys_platform": "linux"
        },
        "pipfile-spec": 6,
        "requires": {
            "python_version": "3.6"
        },
        "sources": [
            {
                "name": "pypi",
                "url": "https://pypi.python.org/simple",
                "verify_ssl": true
            }
        ]
    },
    "default": {
        "alembic": {
            "hashes": [
                "sha256:46f4849c6dce69f54dd5001b3215b6a983dee6b17512efee10e237fa11f20cfa"
            ],
            "version": "==0.9.7"
        },
        "blinker": {
            "hashes": [
                "sha256:471aee25f3992bd325afa3772f1063dbdbbca947a041b8b89466dc00d606f8b6"
            ],
            "version": "==1.4"
        },
        "bokeh": {
            "hashes": [
                "sha256:6e28cbfd88de0c459435278b75f9982591ec0aaa3d37a195052645e1c62e89e3"
            ],
            "version": "==0.12.13"
        },
        "click": {
            "hashes": [
                "sha256:29f99fc6125fbc931b758dc053b3114e55c77a6e4c6c3a2674a2dc986016381d",
                "sha256:f15516df478d5a56180fbf80e68f206010e6d160fc39fa508b65e035fd75130b"
            ],
            "version": "==6.7"
        },
        "dominate": {
            "hashes": [
                "sha256:4b8ce6f33633c9dd9175b228d21c00c801b6bd0327747cd5e17fc2da934c3a69"
            ],
            "version": "==2.3.1"
        },
        "flask": {
            "hashes": [
                "sha256:0749df235e3ff61ac108f69ac178c9770caeaccad2509cb762ce1f65570a8856",
                "sha256:49f44461237b69ecd901cc7ce66feea0319b9158743dd27a2899962ab214dac1"
            ],
            "version": "==0.12.2"
        },
        "flask-bootstrap": {
            "hashes": [
                "sha256:cb08ed940183f6343a64e465e83b3a3f13c53e1baabb8d72b5da4545ef123ac8"
            ],
            "version": "==3.3.7.1"
        },
        "flask-login": {
            "hashes": [
                "sha256:c815c1ac7b3e35e2081685e389a665f2c74d7e077cb93cecabaea352da4752ec"
            ],
            "version": "==0.4.1"
        },
        "flask-mail": {
            "hashes": [
                "sha256:22e5eb9a940bf407bcf30410ecc3708f3c56cc44b29c34e1726fe85006935f41"
            ],
            "version": "==0.9.1"
        },
        "flask-migrate": {
            "hashes": [
                "sha256:493f9b3795985b9b4915bf3b7d16946697f027b73545384e7d9e3a79f989d2fe",
                "sha256:b709ca8642559c3c5a81a33ab10839fa052177accd5ba821047a99db635255ed"
            ],
            "version": "==2.1.1"
        },
        "flask-moment": {
            "hashes": [
                "sha256:71a601fcd5be4742227251641cb706c109680b54c5fb25c5d2ed96e576ec3b4d",
                "sha256:af7ccd599d85e751ff1f7661904daa51df9950e9bc9bd4ccf174bd38ccbc401f"
            ],
            "version": "==0.6.0"
        },
        "flask-script": {
            "hashes": [
                "sha256:6425963d91054cfcc185807141c7314a9c5ad46325911bd24dcb489bd0161c65"
            ],
            "version": "==2.0.6"
        },
        "flask-sqlalchemy": {
            "hashes": [
                "sha256:3bc0fac969dd8c0ace01b32060f0c729565293302f0c4269beed154b46bec50b",
                "sha256:5971b9852b5888655f11db634e87725a9031e170f37c0ce7851cf83497f56e53"
            ],
            "version": "==2.3.2"
        },
        "flask-wtf": {
            "hashes": [
                "sha256:d9a9e366b32dcbb98ef17228e76be15702cd2600675668bca23f63a7947fd5ac",
                "sha256:5d14d55cfd35f613d99ee7cba0fc3fbbe63ba02f544d349158c14ca15561cc36"
            ],
            "version": "==0.14.2"
        },
        "itsdangerous": {
            "hashes": [
                "sha256:cbb3fcf8d3e33df861709ecaf89d9e6629cff0a217bc2848f1b41cd30d360519"
            ],
            "version": "==0.24"
        },
        "jinja2": {
            "hashes": [
                "sha256:74c935a1b8bb9a3947c50a54766a969d4846290e1e788ea44c1392163723c3bd",
                "sha256:f84be1bb0040caca4cea721fcbbbbd61f9be9464ca236387158b0feea01914a4"
            ],
            "version": "==2.10"
        },
        "mako": {
            "hashes": [
                "sha256:4e02fde57bd4abb5ec400181e4c314f56ac3e49ba4fb8b0d50bba18cb27d25ae"
            ],
            "version": "==1.0.7"
        },
        "markupsafe": {
            "hashes": [
                "sha256:a6be69091dac236ea9c6bc7d012beab42010fa914c459791d627dad4910eb665"
            ],
            "version": "==1.0"
        },
        "numpy": {
            "hashes": [
                "sha256:428cd3c0b197cf857671353d8c85833193921af9fafcc169a1f29c7185833d50",
                "sha256:a476e437d73e5754aa66e1e75840d0163119c3911b7361f4cd06985212a3c3fb",
                "sha256:289ff717138cd9aa133adcbd3c3e284458b9c8230db4d42b39083a3407370317",
                "sha256:c5eccb4bf96dbb2436c61bb3c2658139e779679b6ae0d04c5e268e6608b58053",
                "sha256:75471acf298d455b035226cc609a92aee42c4bb6aa71def85f77fa2c2b646b61",
                "sha256:5c54fb98ecf42da59ed93736d1c071842482b18657eb16ba6e466bd873e1b923",
                "sha256:9ddf384ac3aacb72e122a8207775cc29727cbd9c531ee1a4b95754f24f42f7f3",
                "sha256:781d3197da49c421a07f250750de70a52c42af08ca02a2f7bdb571c0625ae7eb",
                "sha256:93b26d6c06a22e64d56aaca32aaaffd27a4143db0ac2f21a048f0b571f2bfc55",
                "sha256:b2547f57d05ba59df4289493254f29f4c9082d255f1f97b7e286f40f453e33a1",
                "sha256:eef6af1c752eef538a96018ef9bdf8e37bbf28aab50a1436501a4aa47a6467df",
                "sha256:ff8a4b2c3ac831964f529a2da506c28d002562b230261ae5c16885f5f53d2e75",
                "sha256:194074058c22a4066e1b6a4ea432486ee468d24ab16f13630c1030409e6b8666",
                "sha256:4e13f1a848fde960dea33702770265837c72b796a6a3eaac7528cfe75ddefadd",
                "sha256:91101216d72749df63968d86611b549438fb18af2c63849c01f9a897516133c7",
                "sha256:97507349abb7d1f6b76b877258defe8720833881dc7e7fd052bac90c88587387",
                "sha256:1479b46b6040b5c689831496354c8859c456b152d37315673a0c18720b41223b",
                "sha256:98b1ac79c160e36093d7914244e40ee1e7164223e795aa2c71dcce367554e646",
                "sha256:24bbec9a199f938eab75de8390f410969bc33c218e5430fa1ae9401b00865255",
                "sha256:7880f412543e96548374a4bb1d75e4cdb8cad80f3a101ed0f8d0e0428f719c1c",
                "sha256:6112f152b76a28c450bbf665da11757078a724a90330112f5b7ea2d6b6cefd67",
                "sha256:7c5276763646480143d5f3a6c2acb2885460c765051a1baf4d5070f63d05010f",
                "sha256:3de643935b212307b420248018323a44ec51987a336d1d747c1322afc3c099fb"
            ],
            "version": "==1.14.0"
        },
        "passlib": {
            "hashes": [
                "sha256:43526aea08fa32c6b6dbbbe9963c4c767285b78147b7437597f992812f69d280",
                "sha256:3d948f64138c25633613f303bcc471126eae67c04d5e3f6b7b8ce6242f8653e0"
            ],
            "version": "==1.7.1"
        },
        "python-dateutil": {
            "hashes": [
                "sha256:95511bae634d69bc7329ba55e646499a842bc4ec342ad54a8cdb65645a0aad3c",
                "sha256:891c38b2a02f5bb1be3e4793866c8df49c7d19baabf9c1bad62547e0b4866aca"
            ],
            "version": "==2.6.1"
        },
        "python-editor": {
            "hashes": [
                "sha256:a3c066acee22a1c94f63938341d4fb374e3fdd69366ed6603d7b24bed1efc565"
            ],
            "version": "==1.0.3"
        },
        "pyyaml": {
            "hashes": [
                "sha256:3262c96a1ca437e7e4763e2843746588a965426550f3797a79fca9c6199c431f",
                "sha256:16b20e970597e051997d90dc2cddc713a2876c47e3d92d59ee198700c5427736",
                "sha256:e863072cdf4c72eebf179342c94e6989c67185842d9997960b3e69290b2fa269",
                "sha256:bc6bced57f826ca7cb5125a10b23fd0f2fff3b7c4701d64c439a300ce665fff8",
                "sha256:c01b880ec30b5a6e6aa67b09a2fe3fb30473008c85cd6a67359a1b15ed6d83a4",
                "sha256:827dc04b8fa7d07c44de11fabbc888e627fa8293b695e0f99cb544fdfa1bf0d1",
                "sha256:592766c6303207a20efc445587778322d7f73b161bd994f227adaa341ba212ab",
                "sha256:5f84523c076ad14ff5e6c037fe1c89a7f73a3e04cf0377cb4d017014976433f3",
                "sha256:0c507b7f74b3d2dd4d1322ec8a94794927305ab4cebbe89cc47fe5e81541e6e8",
                "sha256:b4c423ab23291d3945ac61346feeb9a0dc4184999ede5e7c43e1ffb975130ae6",
                "sha256:ca233c64c6e40eaa6c66ef97058cdc80e8d0157a443655baa1b2966e812807ca",
                "sha256:4474f8ea030b5127225b8894d626bb66c01cda098d47a2b0d3429b6700af9fd8",
                "sha256:326420cbb492172dec84b0f65c80942de6cedb5233c413dd824483989c000608",
                "sha256:5ac82e411044fb129bae5cfbeb3ba626acb2af31a8d17d175004b70862a741a7"
            ],
            "version": "==3.12"
        },
        "six": {
            "hashes": [
                "sha256:832dc0e10feb1aa2c68dcc57dbb658f1c7e65b9b61af69048abc87a2db00a0eb",
                "sha256:70e8a77beed4562e7f14fe23a786b54f6296e34344c23bc42f07b15018ff98e9"
            ],
            "version": "==1.11.0"
        },
        "sqlalchemy": {
            "hashes": [
                "sha256:64b4720f0a8e033db0154d3824f5bf677cf2797e11d44743cf0aebd2a0499d9d"
            ],
            "version": "==1.2.2"
        },
        "tornado": {
            "hashes": [
                "sha256:92b7ca81e18ba9ec3031a7ee73d4577ac21d41a0c9b775a9182f43301c3b5f8e",
                "sha256:b36298e9f63f18cad97378db2222c0e0ca6a55f6304e605515e05a25483ed51a",
                "sha256:ab587996fe6fb9ce65abfda440f9b61e4f9f2cf921967723540679176915e4c3",
                "sha256:5ef073ac6180038ccf99411fe05ae9aafb675952a2c8db60592d5daf8401f803",
                "sha256:6d14e47eab0e15799cf3cdcc86b0b98279da68522caace2bd7ce644287685f0a"
            ],
            "version": "==4.5.3"
        },
        "visitor": {
            "hashes": [
                "sha256:2c737903b2b6864ebc6167eef7cf3b997126f1aa94bdf590f90f1436d23e480a"
            ],
            "version": "==0.1.3"
        },
        "werkzeug": {
            "hashes": [
                "sha256:d5da73735293558eb1651ee2fddc4d0dedcfa06538b8813a2e20011583c9e49b",
                "sha256:c3fd7a7d41976d9f44db327260e263132466836cef6f91512889ed60ad26557c"
            ],
            "version": "==0.14.1"
        },
        "wtforms": {
            "hashes": [
                "sha256:ffdf10bd1fa565b8233380cb77a304cd36fd55c73023e91d4b803c96bc11d46f"
            ],
            "version": "==2.1"
        }
    },
    "develop": {}
}
